// !$*UTF8*$!
{
	archiveVersion = 1;
	classes = {
	};
	objectVersion = 50;
	objects = {

/* Begin PBXBuildFile section */
		CEF41D8021142F8A00EE5BDA /* AppDelegate.swift in Sources */ = {isa = PBXBuildFile; fileRef = CEF41D7F21142F8A00EE5BDA /* AppDelegate.swift */; };
		CEF41D8221142F8A00EE5BDA /* ViewController.swift in Sources */ = {isa = PBXBuildFile; fileRef = CEF41D8121142F8A00EE5BDA /* ViewController.swift */; };
		CEF41D8521142F8A00EE5BDA /* Main.storyboard in Resources */ = {isa = PBXBuildFile; fileRef = CEF41D8321142F8A00EE5BDA /* Main.storyboard */; };
		CEF41D8721142F8C00EE5BDA /* Assets.xcassets in Resources */ = {isa = PBXBuildFile; fileRef = CEF41D8621142F8C00EE5BDA /* Assets.xcassets */; };
		CEF41D8A21142F8C00EE5BDA /* LaunchScreen.storyboard in Resources */ = {isa = PBXBuildFile; fileRef = CEF41D8821142F8C00EE5BDA /* LaunchScreen.storyboard */; };
		CEF41D93211443CC00EE5BDA /* AddTodoViewController.swift in Sources */ = {isa = PBXBuildFile; fileRef = CEF41D92211443CC00EE5BDA /* AddTodoViewController.swift */; };
		CEF41D95211443E300EE5BDA /* TodoTableViewController.swift in Sources */ = {isa = PBXBuildFile; fileRef = CEF41D94211443E300EE5BDA /* TodoTableViewController.swift */; };
		CEF41D992122C5C000EE5BDA /* TodoModel.xcdatamodeld in Sources */ = {isa = PBXBuildFile; fileRef = CEF41D972122C5C000EE5BDA /* TodoModel.xcdatamodeld */; };
		CEF41D9B21253C5B00EE5BDA /* CoreDataStack.swift in Sources */ = {isa = PBXBuildFile; fileRef = CEF41D9A21253C5B00EE5BDA /* CoreDataStack.swift */; };
/* End PBXBuildFile section */

/* Begin PBXFileReference section */
		CEF41D7C21142F8A00EE5BDA /* todo.app */ = {isa = PBXFileReference; explicitFileType = wrapper.application; includeInIndex = 0; path = todo.app; sourceTree = BUILT_PRODUCTS_DIR; };
		CEF41D7F21142F8A00EE5BDA /* AppDelegate.swift */ = {isa = PBXFileReference; lastKnownFileType = sourcecode.swift; path = AppDelegate.swift; sourceTree = "<group>"; };
		CEF41D8121142F8A00EE5BDA /* ViewController.swift */ = {isa = PBXFileReference; lastKnownFileType = sourcecode.swift; path = ViewController.swift; sourceTree = "<group>"; };
		CEF41D8421142F8A00EE5BDA /* Base */ = {isa = PBXFileReference; lastKnownFileType = file.storyboard; name = Base; path = Base.lproj/Main.storyboard; sourceTree = "<group>"; };
		CEF41D8621142F8C00EE5BDA /* Assets.xcassets */ = {isa = PBXFileReference; lastKnownFileType = folder.assetcatalog; path = Assets.xcassets; sourceTree = "<group>"; };
		CEF41D8921142F8C00EE5BDA /* Base */ = {isa = PBXFileReference; lastKnownFileType = file.storyboard; name = Base; path = Base.lproj/LaunchScreen.storyboard; sourceTree = "<group>"; };
		CEF41D8B21142F8C00EE5BDA /* Info.plist */ = {isa = PBXFileReference; lastKnownFileType = text.plist.xml; path = Info.plist; sourceTree = "<group>"; };
		CEF41D92211443CC00EE5BDA /* AddTodoViewController.swift */ = {isa = PBXFileReference; lastKnownFileType = sourcecode.swift; path = AddTodoViewController.swift; sourceTree = "<group>"; };
		CEF41D94211443E300EE5BDA /* TodoTableViewController.swift */ = {isa = PBXFileReference; lastKnownFileType = sourcecode.swift; path = TodoTableViewController.swift; sourceTree = "<group>"; };
		CEF41D982122C5C000EE5BDA /* TodoModel.xcdatamodel */ = {isa = PBXFileReference; lastKnownFileType = wrapper.xcdatamodel; path = TodoModel.xcdatamodel; sourceTree = "<group>"; };
		CEF41D9A21253C5B00EE5BDA /* CoreDataStack.swift */ = {isa = PBXFileReference; lastKnownFileType = sourcecode.swift; path = CoreDataStack.swift; sourceTree = "<group>"; };
/* End PBXFileReference section */

/* Begin PBXFrameworksBuildPhase section */
		CEF41D7921142F8A00EE5BDA /* Frameworks */ = {
			isa = PBXFrameworksBuildPhase;
			buildActionMask = 2147483647;
			files = (
			);
			runOnlyForDeploymentPostprocessing = 0;
		};
/* End PBXFrameworksBuildPhase section */

/* Begin PBXGroup section */
		CEF41D7321142F8A00EE5BDA = {
			isa = PBXGroup;
			children = (
				CEF41D7E21142F8A00EE5BDA /* todo */,
				CEF41D7D21142F8A00EE5BDA /* Products */,
			);
			sourceTree = "<group>";
		};
		CEF41D7D21142F8A00EE5BDA /* Products */ = {
			isa = PBXGroup;
			children = (
				CEF41D7C21142F8A00EE5BDA /* todo.app */,
			);
			name = Products;
			sourceTree = "<group>";
		};
		CEF41D7E21142F8A00EE5BDA /* todo */ = {
			isa = PBXGroup;
			children = (
				CEF41D962122C59B00EE5BDA /* CoreData */,
				CEF41D912114438900EE5BDA /* ViewController */,
				CEF41D7F21142F8A00EE5BDA /* AppDelegate.swift */,
				CEF41D8121142F8A00EE5BDA /* ViewController.swift */,
				CEF41D8321142F8A00EE5BDA /* Main.storyboard */,
				CEF41D8621142F8C00EE5BDA /* Assets.xcassets */,
				CEF41D8821142F8C00EE5BDA /* LaunchScreen.storyboard */,
				CEF41D8B21142F8C00EE5BDA /* Info.plist */,
			);
			path = todo;
			sourceTree = "<group>";
		};
		CEF41D912114438900EE5BDA /* ViewController */ = {
			isa = PBXGroup;
			children = (
				CEF41D92211443CC00EE5BDA /* AddTodoViewController.swift */,
				CEF41D94211443E300EE5BDA /* TodoTableViewController.swift */,
			);
			path = ViewController;
			sourceTree = "<group>";
		};
		CEF41D962122C59B00EE5BDA /* CoreData */ = {
			isa = PBXGroup;
			children = (
				CEF41D972122C5C000EE5BDA /* TodoModel.xcdatamodeld */,
				CEF41D9A21253C5B00EE5BDA /* CoreDataStack.swift */,
			);
			path = CoreData;
			sourceTree = "<group>";
		};
/* End PBXGroup section */

/* Begin PBXNativeTarget section */
		CEF41D7B21142F8A00EE5BDA /* todo */ = {
			isa = PBXNativeTarget;
			buildConfigurationList = CEF41D8E21142F8C00EE5BDA /* Build configuration list for PBXNativeTarget "todo" */;
			buildPhases = (
				CEF41D7821142F8A00EE5BDA /* Sources */,
				CEF41D7921142F8A00EE5BDA /* Frameworks */,
				CEF41D7A21142F8A00EE5BDA /* Resources */,
			);
			buildRules = (
			);
			dependencies = (
			);
			name = todo;
			productName = todo;
			productReference = CEF41D7C21142F8A00EE5BDA /* todo.app */;
			productType = "com.apple.product-type.application";
		};
/* End PBXNativeTarget section */

/* Begin PBXProject section */
		CEF41D7421142F8A00EE5BDA /* Project object */ = {
			isa = PBXProject;
			attributes = {
				LastSwiftUpdateCheck = 0940;
				LastUpgradeCheck = 0940;
				ORGANIZATIONNAME = jaephillseo;
				TargetAttributes = {
					CEF41D7B21142F8A00EE5BDA = {
						CreatedOnToolsVersion = 9.4.1;
					};
				};
			};
			buildConfigurationList = CEF41D7721142F8A00EE5BDA /* Build configuration list for PBXProject "todo" */;
			compatibilityVersion = "Xcode 9.3";
			developmentRegion = en;
			hasScannedForEncodings = 0;
			knownRegions = (
				en,
				Base,
			);
			mainGroup = CEF41D7321142F8A00EE5BDA;
			productRefGroup = CEF41D7D21142F8A00EE5BDA /* Products */;
			projectDirPath = "";
			projectRoot = "";
			targets = (
				CEF41D7B21142F8A00EE5BDA /* todo */,
			);
		};
/* End PBXProject section */

/* Begin PBXResourcesBuildPhase section */
		CEF41D7A21142F8A00EE5BDA /* Resources */ = {
			isa = PBXResourcesBuildPhase;
			buildActionMask = 2147483647;
			files = (
				CEF41D8A21142F8C00EE5BDA /* LaunchScreen.storyboard in Resources */,
				CEF41D8721142F8C00EE5BDA /* Assets.xcassets in Resources */,
				CEF41D8521142F8A00EE5BDA /* Main.storyboard in Resources */,
			);
			runOnlyForDeploymentPostprocessing = 0;
		};
/* End PBXResourcesBuildPhase section */

/* Begin PBXSourcesBuildPhase section */
		CEF41D7821142F8A00EE5BDA /* Sources */ = {
			isa = PBXSourcesBuildPhase;
			buildActionMask = 2147483647;
			files = (
				CEF41D992122C5C000EE5BDA /* TodoModel.xcdatamodeld in Sources */,
				CEF41D8221142F8A00EE5BDA /* ViewController.swift in Sources */,
				CEF41D95211443E300EE5BDA /* TodoTableViewController.swift in Sources */,
				CEF41D9B21253C5B00EE5BDA /* CoreDataStack.swift in Sources */,
				CEF41D93211443CC00EE5BDA /* AddTodoViewController.swift in Sources */,
				CEF41D8021142F8A00EE5BDA /* AppDelegate.swift in Sources */,
			);
			runOnlyForDeploymentPostprocessing = 0;
		};
/* End PBXSourcesBuildPhase section */

/* Begin PBXVariantGroup section */
		CEF41D8321142F8A00EE5BDA /* Main.storyboard */ = {
			isa = PBXVariantGroup;
			children = (
				CEF41D8421142F8A00EE5BDA /* Base */,
			);
			name = Main.storyboard;
			sourceTree = "<group>";
		};
		CEF41D8821142F8C00EE5BDA /* LaunchScreen.storyboard */ = {
			isa = PBXVariantGroup;
			children = (
				CEF41D8921142F8C00EE5BDA /* Base */,
			);
			name = LaunchScreen.storyboard;
			sourceTree = "<group>";
		};
/* End PBXVariantGroup section */

/* Begin XCBuildConfiguration section */
		CEF41D8C21142F8C00EE5BDA /* Debug */ = {
			isa = XCBuildConfiguration;
			buildSettings = {
				ALWAYS_SEARCH_USER_PATHS = NO;
				CLANG_ANALYZER_NONNULL = YES;
				CLANG_ANALYZER_NUMBER_OBJECT_CONVERSION = YES_AGGRESSIVE;
				CLANG_CXX_LANGUAGE_STANDARD = "gnu++14";
				CLANG_CXX_LIBRARY = "libc++";
				CLANG_ENABLE_MODULES = YES;
				CLANG_ENABLE_OBJC_ARC = YES;
				CLANG_ENABLE_OBJC_WEAK = YES;
				CLANG_WARN_BLOCK_CAPTURE_AUTORELEASING = YES;
				CLANG_WARN_BOOL_CONVERSION = YES;
				CLANG_WARN_COMMA = YES;
				CLANG_WARN_CONSTANT_CONVERSION = YES;
				CLANG_WARN_DEPRECATED_OBJC_IMPLEMENTATIONS = YES;
				CLANG_WARN_DIRECT_OBJC_ISA_USAGE = YES_ERROR;
				CLANG_WARN_DOCUMENTATION_COMMENTS = YES;
				CLANG_WARN_EMPTY_BODY = YES;
				CLANG_WARN_ENUM_CONVERSION = YES;
				CLANG_WARN_INFINITE_RECURSION = YES;
				CLANG_WARN_INT_CONVERSION = YES;
				CLANG_WARN_NON_LITERAL_NULL_CONVERSION = YES;
				CLANG_WARN_OBJC_IMPLICIT_RETAIN_SELF = YES;
				CLANG_WARN_OBJC_LITERAL_CONVERSION = YES;
				CLANG_WARN_OBJC_ROOT_CLASS = YES_ERROR;
				CLANG_WARN_RANGE_LOOP_ANALYSIS = YES;
				CLANG_WARN_STRICT_PROTOTYPES = YES;
				CLANG_WARN_SUSPICIOUS_MOVE = YES;
				CLANG_WARN_UNGUARDED_AVAILABILITY = YES_AGGRESSIVE;
				CLANG_WARN_UNREACHABLE_CODE = YES;
				CLANG_WARN__DUPLICATE_METHOD_MATCH = YES;
				CODE_SIGN_IDENTITY = "iPhone Developer";
				COPY_PHASE_STRIP = NO;
				DEBUG_INFORMATION_FORMAT = dwarf;
				ENABLE_STRICT_OBJC_MSGSEND = YES;
				ENABLE_TESTABILITY = YES;
				GCC_C_LANGUAGE_STANDARD = gnu11;
				GCC_DYNAMIC_NO_PIC = NO;
				GCC_NO_COMMON_BLOCKS = YES;
				GCC_OPTIMIZATION_LEVEL = 0;
				GCC_PREPROCESSOR_DEFINITIONS = (
					"DEBUG=1",
					"$(inherited)",
				);
				GCC_WARN_64_TO_32_BIT_CONVERSION = YES;
				GCC_WARN_ABOUT_RETURN_TYPE = YES_ERROR;
				GCC_WARN_UNDECLARED_SELECTOR = YES;
				GCC_WARN_UNINITIALIZED_AUTOS = YES_AGGRESSIVE;
				GCC_WARN_UNUSED_FUNCTION = YES;
				GCC_WARN_UNUSED_VARIABLE = YES;
				IPHONEOS_DEPLOYMENT_TARGET = 11.4;
				MTL_ENABLE_DEBUG_INFO = YES;
				ONLY_ACTIVE_ARCH = YES;
				SDKROOT = iphoneos;
				SWIFT_ACTIVE_COMPILATION_CONDITIONS = DEBUG;
				SWIFT_OPTIMIZATION_LEVEL = "-Onone";
			};
			name = Debug;
		};
		CEF41D8D21142F8C00EE5BDA /* Release */ = {
			isa = XCBuildConfiguration;
			buildSettings = {
				ALWAYS_SEARCH_USER_PATHS = NO;
				CLANG_ANALYZER_NONNULL = YES;
				CLANG_ANALYZER_NUMBER_OBJECT_CONVERSION = YES_AGGRESSIVE;
				CLANG_CXX_LANGUAGE_STANDARD = "gnu++14";
				CLANG_CXX_LIBRARY = "libc++";
				CLANG_ENABLE_MODULES = YES;
				CLANG_ENABLE_OBJC_ARC = YES;
				CLANG_ENABLE_OBJC_WEAK = YES;
				CLANG_WARN_BLOCK_CAPTURE_AUTORELEASING = YES;
				CLANG_WARN_BOOL_CONVERSION = YES;
				CLANG_WARN_COMMA = YES;
				CLANG_WARN_CONSTANT_CONVERSION = YES;
				CLANG_WARN_DEPRECATED_OBJC_IMPLEMENTATIONS = YES;
				CLANG_WARN_DIRECT_OBJC_ISA_USAGE = YES_ERROR;
				CLANG_WARN_DOCUMENTATION_COMMENTS = YES;
				CLANG_WARN_EMPTY_BODY = YES;
				CLANG_WARN_ENUM_CONVERSION = YES;
				CLANG_WARN_INFINITE_RECURSION = YES;
				CLANG_WARN_INT_CONVERSION = YES;
				CLANG_WARN_NON_LITERAL_NULL_CONVERSION = YES;
				CLANG_WARN_OBJC_IMPLICIT_RETAIN_SELF = YES;
				CLANG_WARN_OBJC_LITERAL_CONVERSION = YES;
				CLANG_WARN_OBJC_ROOT_CLASS = YES_ERROR;
				CLANG_WARN_RANGE_LOOP_ANALYSIS = YES;
				CLANG_WARN_STRICT_PROTOTYPES = YES;
				CLANG_WARN_SUSPICIOUS_MOVE = YES;
				CLANG_WARN_UNGUARDED_AVAILABILITY = YES_AGGRESSIVE;
				CLANG_WARN_UNREACHABLE_CODE = YES;
				CLANG_WARN__DUPLICATE_METHOD_MATCH = YES;
				CODE_SIGN_IDENTITY = "iPhone Developer";
				COPY_PHASE_STRIP = NO;
				DEBUG_INFORMATION_FORMAT = "dwarf-with-dsym";
				ENABLE_NS_ASSERTIONS = NO;
				ENABLE_STRICT_OBJC_MSGSEND = YES;
				GCC_C_LANGUAGE_STANDARD = gnu11;
				GCC_NO_COMMON_BLOCKS = YES;
				GCC_WARN_64_TO_32_BIT_CONVERSION = YES;
				GCC_WARN_ABOUT_RETURN_TYPE = YES_ERROR;
				GCC_WARN_UNDECLARED_SELECTOR = YES;
				GCC_WARN_UNINITIALIZED_AUTOS = YES_AGGRESSIVE;
				GCC_WARN_UNUSED_FUNCTION = YES;
				GCC_WARN_UNUSED_VARIABLE = YES;
				IPHONEOS_DEPLOYMENT_TARGET = 11.4;
				MTL_ENABLE_DEBUG_INFO = NO;
				SDKROOT = iphoneos;
				SWIFT_COMPILATION_MODE = wholemodule;
				SWIFT_OPTIMIZATION_LEVEL = "-O";
				VALIDATE_PRODUCT = YES;
			};
			name = Release;
		};
		CEF41D8F21142F8C00EE5BDA /* Debug */ = {
			isa = XCBuildConfiguration;
			buildSettings = {
				ASSETCATALOG_COMPILER_APPICON_NAME = AppIcon;
				CODE_SIGN_STYLE = Automatic;
				INFOPLIST_FILE = todo/Info.plist;
				LD_RUNPATH_SEARCH_PATHS = (
					"$(inherited)",
					"@executable_path/Frameworks",
				);
				PRODUCT_BUNDLE_IDENTIFIER = com.jaephillseo.todo;
				PRODUCT_NAME = "$(TARGET_NAME)";
				SWIFT_VERSION = 4.0;
				TARGETED_DEVICE_FAMILY = "1,2";
			};
			name = Debug;
		};
		CEF41D9021142F8C00EE5BDA /* Release */ = {
			isa = XCBuildConfiguration;
			buildSettings = {
				ASSETCATALOG_COMPILER_APPICON_NAME = AppIcon;
				CODE_SIGN_STYLE = Automatic;
				INFOPLIST_FILE = todo/Info.plist;
				LD_RUNPATH_SEARCH_PATHS = (
					"$(inherited)",
					"@executable_path/Frameworks",
				);
				PRODUCT_BUNDLE_IDENTIFIER = com.jaephillseo.todo;
				PRODUCT_NAME = "$(TARGET_NAME)";
				SWIFT_VERSION = 4.0;
				TARGETED_DEVICE_FAMILY = "1,2";
			};
			name = Release;
		};
/* End XCBuildConfiguration section */

/* Begin XCConfigurationList section */
		CEF41D7721142F8A00EE5BDA /* Build configuration list for PBXProject "todo" */ = {
			isa = XCConfigurationList;
			buildConfigurations = (
				CEF41D8C21142F8C00EE5BDA /* Debug */,
				CEF41D8D21142F8C00EE5BDA /* Release */,
			);
			defaultConfigurationIsVisible = 0;
			defaultConfigurationName = Release;
		};
		CEF41D8E21142F8C00EE5BDA /* Build configuration list for PBXNativeTarget "todo" */ = {
			isa = XCConfigurationList;
			buildConfigurations = (
				CEF41D8F21142F8C00EE5BDA /* Debug */,
				CEF41D9021142F8C00EE5BDA /* Release */,
			);
			defaultConfigurationIsVisible = 0;
			defaultConfigurationName = Release;
		};
/* End XCConfigurationList section */

/* Begin XCVersionGroup section */
		CEF41D972122C5C000EE5BDA /* TodoModel.xcdatamodeld */ = {
			isa = XCVersionGroup;
			children = (
				CEF41D982122C5C000EE5BDA /* TodoModel.xcdatamodel */,
			);
			currentVersion = CEF41D982122C5C000EE5BDA /* TodoModel.xcdatamodel */;
			path = TodoModel.xcdatamodeld;
			sourceTree = "<group>";
			versionGroupType = wrapper.xcdatamodel;
		};
/* End XCVersionGroup section */
	};
	rootObject = CEF41D7421142F8A00EE5BDA /* Project object */;
}
